
Microsoft Visual Studio Solution File, Format Version 12.00
# Visual Studio Version 17
VisualStudioVersion = 17.7.34221.43
MinimumVisualStudioVersion = 10.0.40219.1
Project("{FAE04EC0-301F-11D3-BF4B-00C04F79EFBC}") = "Salon De Belleza", "Salon De Belleza\Salon De Belleza.csproj", "{3F000A02-A4DC-4029-B754-A4071BA43F3D}"
EndProject
Global
	GlobalSection(SolutionConfigurationPlatforms) = preSolution
		Debug|Any CPU = Debug|Any CPU
		Release|Any CPU = Release|Any CPU
	EndGlobalSection
	GlobalSection(ProjectConfigurationPlatforms) = postSolution
		{3F000A02-A4DC-4029-B754-A4071BA43F3D}.Debug|Any CPU.ActiveCfg = Debug|Any CPU
		{3F000A02-A4DC-4029-B754-A4071BA43F3D}.Debug|Any CPU.Build.0 = Debug|Any CPU
		{3F000A02-A4DC-4029-B754-A4071BA43F3D}.Release|Any CPU.ActiveCfg = Release|Any CPU
		{3F000A02-A4DC-4029-B754-A4071BA43F3D}.Release|Any CPU.Build.0 = Release|Any CPU
	EndGlobalSection
	GlobalSection(SolutionProperties) = preSolution
		HideSolutionNode = FALSE
	EndGlobalSection
	GlobalSection(ExtensibilityGlobals) = postSolution
		SolutionGuid = {6E06A680-A913-4AD2-9109-3972B103E92D}
	EndGlobalSection
EndGlobal
