
Microsoft Visual Studio Solution File, Format Version 12.00
# Visual Studio Version 17
VisualStudioVersion = 17.8.34330.188
MinimumVisualStudioVersion = 10.0.40219.1
Project("{9A19103F-16F7-4668-BE54-9A1E7A4F7556}") = "Domain", "Domain\Domain.csproj", "{C34CC1B3-F27C-4B13-A8C6-2E995806D87C}"
EndProject
Project("{9A19103F-16F7-4668-BE54-9A1E7A4F7556}") = "Infrastructure", "Infrastructure\Infrastructure.csproj", "{508DB54C-5E0C-41AE-B1B9-E7259267D361}"
EndProject
Project("{9A19103F-16F7-4668-BE54-9A1E7A4F7556}") = "App", "App\App.csproj", "{40F33287-3C80-40E0-86DF-3784D974DD3F}"
EndProject
Project("{FAE04EC0-301F-11D3-BF4B-00C04F79EFBC}") = "Caja", "Caja\Caja.csproj", "{529AE73A-1164-4199-A777-0BB7EA06ADE3}"
EndProject
Project("{FAE04EC0-301F-11D3-BF4B-00C04F79EFBC}") = "Integración", "Integración\Integración.csproj", "{981CA915-0390-4847-8702-9F0C4C9DBA86}"
EndProject
Global
	GlobalSection(SolutionConfigurationPlatforms) = preSolution
		Debug|Any CPU = Debug|Any CPU
		Release|Any CPU = Release|Any CPU
	EndGlobalSection
	GlobalSection(ProjectConfigurationPlatforms) = postSolution
		{C34CC1B3-F27C-4B13-A8C6-2E995806D87C}.Debug|Any CPU.ActiveCfg = Debug|Any CPU
		{C34CC1B3-F27C-4B13-A8C6-2E995806D87C}.Debug|Any CPU.Build.0 = Debug|Any CPU
		{C34CC1B3-F27C-4B13-A8C6-2E995806D87C}.Release|Any CPU.ActiveCfg = Release|Any CPU
		{C34CC1B3-F27C-4B13-A8C6-2E995806D87C}.Release|Any CPU.Build.0 = Release|Any CPU
		{508DB54C-5E0C-41AE-B1B9-E7259267D361}.Debug|Any CPU.ActiveCfg = Debug|Any CPU
		{508DB54C-5E0C-41AE-B1B9-E7259267D361}.Debug|Any CPU.Build.0 = Debug|Any CPU
		{508DB54C-5E0C-41AE-B1B9-E7259267D361}.Release|Any CPU.ActiveCfg = Release|Any CPU
		{508DB54C-5E0C-41AE-B1B9-E7259267D361}.Release|Any CPU.Build.0 = Release|Any CPU
		{40F33287-3C80-40E0-86DF-3784D974DD3F}.Debug|Any CPU.ActiveCfg = Debug|Any CPU
		{40F33287-3C80-40E0-86DF-3784D974DD3F}.Debug|Any CPU.Build.0 = Debug|Any CPU
		{40F33287-3C80-40E0-86DF-3784D974DD3F}.Release|Any CPU.ActiveCfg = Release|Any CPU
		{40F33287-3C80-40E0-86DF-3784D974DD3F}.Release|Any CPU.Build.0 = Release|Any CPU
		{529AE73A-1164-4199-A777-0BB7EA06ADE3}.Debug|Any CPU.ActiveCfg = Debug|Any CPU
		{529AE73A-1164-4199-A777-0BB7EA06ADE3}.Debug|Any CPU.Build.0 = Debug|Any CPU
		{529AE73A-1164-4199-A777-0BB7EA06ADE3}.Release|Any CPU.ActiveCfg = Release|Any CPU
		{529AE73A-1164-4199-A777-0BB7EA06ADE3}.Release|Any CPU.Build.0 = Release|Any CPU
		{981CA915-0390-4847-8702-9F0C4C9DBA86}.Debug|Any CPU.ActiveCfg = Debug|Any CPU
		{981CA915-0390-4847-8702-9F0C4C9DBA86}.Debug|Any CPU.Build.0 = Debug|Any CPU
		{981CA915-0390-4847-8702-9F0C4C9DBA86}.Release|Any CPU.ActiveCfg = Release|Any CPU
		{981CA915-0390-4847-8702-9F0C4C9DBA86}.Release|Any CPU.Build.0 = Release|Any CPU
	EndGlobalSection
	GlobalSection(SolutionProperties) = preSolution
		HideSolutionNode = FALSE
	EndGlobalSection
	GlobalSection(ExtensibilityGlobals) = postSolution
		SolutionGuid = {CA39BE55-9EA1-4EBA-9850-A8C720784214}
	EndGlobalSection
EndGlobal
